// !$*UTF8*$!
{
	archiveVersion = 1;
	classes = {
	};
	objectVersion = 46;
	objects = {

/* Begin PBXBuildFile section */
		19F5BA911FA2E15F0001E69E /* TFChangeAppIcon.m in Sources */ = {isa = PBXBuildFile; fileRef = 19F5BA901FA2E15F0001E69E /* TFChangeAppIcon.m */; };
		19F5BB1C1FA30EBD0001E69E /* UIViewController+Present.m in Sources */ = {isa = PBXBuildFile; fileRef = 19F5BB1B1FA30EBD0001E69E /* UIViewController+Present.m */; };
/* End PBXBuildFile section */

/* Begin PBXCopyFilesBuildPhase section */
		19F5BA811FA2E0790001E69E /* CopyFiles */ = {
			isa = PBXCopyFilesBuildPhase;
			buildActionMask = 2147483647;
			dstPath = "include/$(PRODUCT_NAME)";
			dstSubfolderSpec = 16;
			files = (
			);
			runOnlyForDeploymentPostprocessing = 0;
		};
/* End PBXCopyFilesBuildPhase section */

/* Begin PBXFileReference section */
		19F5BA831FA2E0790001E69E /* libRCTTFChangeAppIcon.a */ = {isa = PBXFileReference; explicitFileType = archive.ar; includeInIndex = 0; path = libRCTTFChangeAppIcon.a; sourceTree = BUILT_PRODUCTS_DIR; };
		19F5BA8F1FA2E15F0001E69E /* TFChangeAppIcon.h */ = {isa = PBXFileReference; fileEncoding = 4; lastKnownFileType = sourcecode.c.h; path = TFChangeAppIcon.h; sourceTree = "<group>"; };
		19F5BA901FA2E15F0001E69E /* TFChangeAppIcon.m */ = {isa = PBXFileReference; fileEncoding = 4; lastKnownFileType = sourcecode.c.objc; path = TFChangeAppIcon.m; sourceTree = "<group>"; };
		19F5BB1A1FA30EBD0001E69E /* UIViewController+Present.h */ = {isa = PBXFileReference; fileEncoding = 4; lastKnownFileType = sourcecode.c.h; path = "UIViewController+Present.h"; sourceTree = "<group>"; };
		19F5BB1B1FA30EBD0001E69E /* UIViewController+Present.m */ = {isa = PBXFileReference; fileEncoding = 4; lastKnownFileType = sourcecode.c.objc; path = "UIViewController+Present.m"; sourceTree = "<group>"; };
/* End PBXFileReference section */

/* Begin PBXFrameworksBuildPhase section */
		19F5BA801FA2E0790001E69E /* Frameworks */ = {
			isa = PBXFrameworksBuildPhase;
			buildActionMask = 2147483647;
			files = (
			);
			runOnlyForDeploymentPostprocessing = 0;
		};
/* End PBXFrameworksBuildPhase section */

/* Begin PBXGroup section */
		19F5BA7A1FA2E0790001E69E = {
			isa = PBXGroup;
			children = (
				19F5BB1A1FA30EBD0001E69E /* UIViewController+Present.h */,
				19F5BB1B1FA30EBD0001E69E /* UIViewController+Present.m */,
				19F5BA8F1FA2E15F0001E69E /* TFChangeAppIcon.h */,
				19F5BA901FA2E15F0001E69E /* TFChangeAppIcon.m */,
				19F5BA841FA2E0790001E69E /* Products */,
			);
			sourceTree = "<group>";
		};
		19F5BA841FA2E0790001E69E /* Products */ = {
			isa = PBXGroup;
			children = (
				19F5BA831FA2E0790001E69E /* libRCTTFChangeAppIcon.a */,
			);
			name = Products;
			sourceTree = "<group>";
		};
/* End PBXGroup section */

/* Begin PBXNativeTarget section */
		19F5BA821FA2E0790001E69E /* RCTTFChangeAppIcon */ = {
			isa = PBXNativeTarget;
			buildConfigurationList = 19F5BA8C1FA2E0790001E69E /* Build configuration list for PBXNativeTarget "RCTTFChangeAppIcon" */;
			buildPhases = (
				19F5BA7F1FA2E0790001E69E /* Sources */,
				19F5BA801FA2E0790001E69E /* Frameworks */,
				19F5BA811FA2E0790001E69E /* CopyFiles */,
			);
			buildRules = (
			);
			dependencies = (
			);
			name = RCTTFChangeAppIcon;
			productName = RCTTFChangeAppIcon;
			productReference = 19F5BA831FA2E0790001E69E /* libRCTTFChangeAppIcon.a */;
			productType = "com.apple.product-type.library.static";
		};
/* End PBXNativeTarget section */

/* Begin PBXProject section */
		19F5BA7B1FA2E0790001E69E /* Project object */ = {
			isa = PBXProject;
			attributes = {
				LastUpgradeCheck = 0830;
				ORGANIZATIONNAME = tuofeng;
				TargetAttributes = {
					19F5BA821FA2E0790001E69E = {
						CreatedOnToolsVersion = 8.3.3;
						ProvisioningStyle = Automatic;
					};
				};
			};
			buildConfigurationList = 19F5BA7E1FA2E0790001E69E /* Build configuration list for PBXProject "RCTTFChangeAppIcon" */;
			compatibilityVersion = "Xcode 3.2";
			developmentRegion = English;
			hasScannedForEncodings = 0;
			knownRegions = (
				en,
			);
			mainGroup = 19F5BA7A1FA2E0790001E69E;
			productRefGroup = 19F5BA841FA2E0790001E69E /* Products */;
			projectDirPath = "";
			projectRoot = "";
			targets = (
				19F5BA821FA2E0790001E69E /* RCTTFChangeAppIcon */,
			);
		};
/* End PBXProject section */

/* Begin PBXSourcesBuildPhase section */
		19F5BA7F1FA2E0790001E69E /* Sources */ = {
			isa = PBXSourcesBuildPhase;
			buildActionMask = 2147483647;
			files = (
				19F5BB1C1FA30EBD0001E69E /* UIViewController+Present.m in Sources */,
				19F5BA911FA2E15F0001E69E /* TFChangeAppIcon.m in Sources */,
			);
			runOnlyForDeploymentPostprocessing = 0;
		};
/* End PBXSourcesBuildPhase section */

/* Begin XCBuildConfiguration section */
		19F5BA8A1FA2E0790001E69E /* Debug */ = {
			isa = XCBuildConfiguration;
			buildSettings = {
				ALWAYS_SEARCH_USER_PATHS = NO;
				CLANG_ANALYZER_NONNULL = YES;
				CLANG_ANALYZER_NUMBER_OBJECT_CONVERSION = YES_AGGRESSIVE;
				CLANG_CXX_LANGUAGE_STANDARD = "gnu++0x";
				CLANG_CXX_LIBRARY = "libc++";
				CLANG_ENABLE_MODULES = YES;
				CLANG_ENABLE_OBJC_ARC = YES;
				CLANG_WARN_BOOL_CONVERSION = YES;
				CLANG_WARN_CONSTANT_CONVERSION = YES;
				CLANG_WARN_DIRECT_OBJC_ISA_USAGE = YES_ERROR;
				CLANG_WARN_DOCUMENTATION_COMMENTS = YES;
				CLANG_WARN_EMPTY_BODY = YES;
				CLANG_WARN_ENUM_CONVERSION = YES;
				CLANG_WARN_INFINITE_RECURSION = YES;
				CLANG_WARN_INT_CONVERSION = YES;
				CLANG_WARN_OBJC_ROOT_CLASS = YES_ERROR;
				CLANG_WARN_SUSPICIOUS_MOVE = YES;
				CLANG_WARN_UNREACHABLE_CODE = YES;
				CLANG_WARN__DUPLICATE_METHOD_MATCH = YES;
				"CODE_SIGN_IDENTITY[sdk=iphoneos*]" = "iPhone Developer";
				COPY_PHASE_STRIP = NO;
				DEBUG_INFORMATION_FORMAT = dwarf;
				ENABLE_STRICT_OBJC_MSGSEND = YES;
				ENABLE_TESTABILITY = YES;
				GCC_C_LANGUAGE_STANDARD = gnu99;
				GCC_DYNAMIC_NO_PIC = NO;
				GCC_NO_COMMON_BLOCKS = YES;
				GCC_OPTIMIZATION_LEVEL = 0;
				GCC_PREPROCESSOR_DEFINITIONS = (
					"DEBUG=1",
					"$(inherited)",
				);
				GCC_WARN_64_TO_32_BIT_CONVERSION = YES;
				GCC_WARN_ABOUT_RETURN_TYPE = YES_ERROR;
				GCC_WARN_UNDECLARED_SELECTOR = YES;
				GCC_WARN_UNINITIALIZED_AUTOS = YES_AGGRESSIVE;
				GCC_WARN_UNUSED_FUNCTION = YES;
				GCC_WARN_UNUSED_VARIABLE = YES;
				IPHONEOS_DEPLOYMENT_TARGET = 10.3;
				MTL_ENABLE_DEBUG_INFO = YES;
				ONLY_ACTIVE_ARCH = YES;
				SDKROOT = iphoneos;
			};
			name = Debug;
		};
		19F5BA8B1FA2E0790001E69E /* Release */ = {
			isa = XCBuildConfiguration;
			buildSettings = {
				ALWAYS_SEARCH_USER_PATHS = NO;
				CLANG_ANALYZER_NONNULL = YES;
				CLANG_ANALYZER_NUMBER_OBJECT_CONVERSION = YES_AGGRESSIVE;
				CLANG_CXX_LANGUAGE_STANDARD = "gnu++0x";
				CLANG_CXX_LIBRARY = "libc++";
				CLANG_ENABLE_MODULES = YES;
				CLANG_ENABLE_OBJC_ARC = YES;
				CLANG_WARN_BOOL_CONVERSION = YES;
				CLANG_WARN_CONSTANT_CONVERSION = YES;
				CLANG_WARN_DIRECT_OBJC_ISA_USAGE = YES_ERROR;
				CLANG_WARN_DOCUMENTATION_COMMENTS = YES;
				CLANG_WARN_EMPTY_BODY = YES;
				CLANG_WARN_ENUM_CONVERSION = YES;
				CLANG_WARN_INFINITE_RECURSION = YES;
				CLANG_WARN_INT_CONVERSION = YES;
				CLANG_WARN_OBJC_ROOT_CLASS = YES_ERROR;
				CLANG_WARN_SUSPICIOUS_MOVE = YES;
				CLANG_WARN_UNREACHABLE_CODE = YES;
				CLANG_WARN__DUPLICATE_METHOD_MATCH = YES;
				"CODE_SIGN_IDENTITY[sdk=iphoneos*]" = "iPhone Developer";
				COPY_PHASE_STRIP = NO;
				DEBUG_INFORMATION_FORMAT = "dwarf-with-dsym";
				ENABLE_NS_ASSERTIONS = NO;
				ENABLE_STRICT_OBJC_MSGSEND = YES;
				GCC_C_LANGUAGE_STANDARD = gnu99;
				GCC_NO_COMMON_BLOCKS = YES;
				GCC_WARN_64_TO_32_BIT_CONVERSION = YES;
				GCC_WARN_ABOUT_RETURN_TYPE = YES_ERROR;
				GCC_WARN_UNDECLARED_SELECTOR = YES;
				GCC_WARN_UNINITIALIZED_AUTOS = YES_AGGRESSIVE;
				GCC_WARN_UNUSED_FUNCTION = YES;
				GCC_WARN_UNUSED_VARIABLE = YES;
				IPHONEOS_DEPLOYMENT_TARGET = 10.3;
				MTL_ENABLE_DEBUG_INFO = NO;
				SDKROOT = iphoneos;
				VALIDATE_PRODUCT = YES;
			};
			name = Release;
		};
		19F5BA8D1FA2E0790001E69E /* Debug */ = {
			isa = XCBuildConfiguration;
			buildSettings = {
				OTHER_LDFLAGS = "-ObjC";
				PRODUCT_NAME = "$(TARGET_NAME)";
				SKIP_INSTALL = YES;
			};
			name = Debug;
		};
		19F5BA8E1FA2E0790001E69E /* Release */ = {
			isa = XCBuildConfiguration;
			buildSettings = {
				OTHER_LDFLAGS = "-ObjC";
				PRODUCT_NAME = "$(TARGET_NAME)";
				SKIP_INSTALL = YES;
			};
			name = Release;
		};
/* End XCBuildConfiguration section */

/* Begin XCConfigurationList section */
		19F5BA7E1FA2E0790001E69E /* Build configuration list for PBXProject "RCTTFChangeAppIcon" */ = {
			isa = XCConfigurationList;
			buildConfigurations = (
				19F5BA8A1FA2E0790001E69E /* Debug */,
				19F5BA8B1FA2E0790001E69E /* Release */,
			);
			defaultConfigurationIsVisible = 0;
			defaultConfigurationName = Release;
		};
		19F5BA8C1FA2E0790001E69E /* Build configuration list for PBXNativeTarget "RCTTFChangeAppIcon" */ = {
			isa = XCConfigurationList;
			buildConfigurations = (
				19F5BA8D1FA2E0790001E69E /* Debug */,
				19F5BA8E1FA2E0790001E69E /* Release */,
			);
			defaultConfigurationIsVisible = 0;
			defaultConfigurationName = Release;
		};
/* End XCConfigurationList section */
	};
	rootObject = 19F5BA7B1FA2E0790001E69E /* Project object */;
}
